
Microsoft Visual Studio Solution File, Format Version 12.00
# Visual Studio Version 16
VisualStudioVersion = 16.0.31605.320
MinimumVisualStudioVersion = 10.0.40219.1
Project("{2150E333-8FDC-42A3-9474-1A3956D46DE8}") = "Services", "Services", "{772DA0DD-C2B6-4D97-92C4-46694DFA5289}"
EndProject
Project("{2150E333-8FDC-42A3-9474-1A3956D46DE8}") = "Catalog", "Catalog", "{FEE88E61-B33B-4911-ABC0-055236F07FB4}"
EndProject
Project("{9A19103F-16F7-4668-BE54-9A1E7A4F7556}") = "Microservices.Services.Catalog", "Services\Catalog\Microservices.Services.Catalog\Microservices.Services.Catalog.csproj", "{FCC0C5C0-F569-4FEC-A36E-0B1D2B14CFD4}"
EndProject
Project("{2150E333-8FDC-42A3-9474-1A3956D46DE8}") = "Shared", "Shared", "{4263B50E-3770-4C85-9D44-EC0E4C5329BA}"
EndProject
Project("{9A19103F-16F7-4668-BE54-9A1E7A4F7556}") = "Microservices.Shared", "Shared\Microservices.Shared\Microservices.Shared.csproj", "{E7505389-F341-4E4B-808B-EE8F8DA6C61B}"
EndProject
Project("{2150E333-8FDC-42A3-9474-1A3956D46DE8}") = "Authentication", "Authentication", "{7E8B82D0-56AB-42A8-8F8C-9D1986F14157}"
EndProject
Project("{9A19103F-16F7-4668-BE54-9A1E7A4F7556}") = "Microservices.Services.AuthServer", "Services\Microservices.Services.AuthServer\Microservices.Services.AuthServer.csproj", "{25639CF4-4FE1-4941-BA79-366C5035E43C}"
EndProject
Project("{2150E333-8FDC-42A3-9474-1A3956D46DE8}") = "PhotoStock", "PhotoStock", "{3BE627A5-C432-4782-82C4-593817AD8E90}"
EndProject
Project("{9A19103F-16F7-4668-BE54-9A1E7A4F7556}") = "Microservices.Services.PhotoStock", "Services\PhotoStock\Microservices.Services.PhotoStock\Microservices.Services.PhotoStock.csproj", "{19EB2682-634A-4C3B-B0A2-3934C5BA4FCD}"
EndProject
Project("{2150E333-8FDC-42A3-9474-1A3956D46DE8}") = "Basket", "Basket", "{05D6541E-D059-4C73-AF24-2101C872C0B8}"
EndProject
Project("{9A19103F-16F7-4668-BE54-9A1E7A4F7556}") = "Microservices.Services.BasketServer", "Services\Basket\Microservices.Services.BasketServer\Microservices.Services.BasketServer.csproj", "{51E07347-0198-4CCC-A14E-1AB57940DA9E}"
EndProject
Project("{2150E333-8FDC-42A3-9474-1A3956D46DE8}") = "Discount", "Discount", "{39669079-87FA-48BA-9843-B44009899FF5}"
EndProject
Project("{9A19103F-16F7-4668-BE54-9A1E7A4F7556}") = "Microservices.Services.DiscountServer", "Services\Discount\Microservices.Services.DiscountServer\Microservices.Services.DiscountServer.csproj", "{97A4C2DE-2101-408A-9552-F2BEAF60A531}"
EndProject
Project("{2150E333-8FDC-42A3-9474-1A3956D46DE8}") = "Order", "Order", "{37A7F90E-698A-45AC-A6B4-41A1AC0D684D}"
EndProject
Project("{9A19103F-16F7-4668-BE54-9A1E7A4F7556}") = "Microservices.Services.Order.API", "Services\Order\Microservices.Services.Order.API\Microservices.Services.Order.API.csproj", "{81C572A6-B978-4DAB-A79D-A0C86A8F2DF2}"
EndProject
Project("{9A19103F-16F7-4668-BE54-9A1E7A4F7556}") = "Microservices.Services.Order.Application", "Services\Order\Microservices.Services.Order.Application\Microservices.Services.Order.Application.csproj", "{D8D5BF33-A9AE-4D8F-8204-C371D91E941F}"
EndProject
Project("{9A19103F-16F7-4668-BE54-9A1E7A4F7556}") = "Microservices.Services.Order.Domain", "Services\Order\Microservices.Services.Order.Domain\Microservices.Services.Order.Domain.csproj", "{0ADD9463-4E70-420D-A880-99E1C65DB10C}"
EndProject
Project("{9A19103F-16F7-4668-BE54-9A1E7A4F7556}") = "Microservices.Services.Order.Domain.Core", "Services\Order\Microservices.Services.Order.Domain.Core\Microservices.Services.Order.Domain.Core.csproj", "{86180A9F-4CD9-415F-B81E-007EA5B0ADED}"
EndProject
Project("{9A19103F-16F7-4668-BE54-9A1E7A4F7556}") = "Microservices.Services.Order.Infrastructure", "Services\Order\Microservices.Services.Order.Infrastructure\Microservices.Services.Order.Infrastructure.csproj", "{90B77551-6515-450C-86FE-CF3A7B5993B7}"
EndProject
Project("{2150E333-8FDC-42A3-9474-1A3956D46DE8}") = "Payment", "Payment", "{D5803872-E7F6-4FCB-8561-A9D86D9DB6E9}"
EndProject
Project("{9A19103F-16F7-4668-BE54-9A1E7A4F7556}") = "Microservices.Services.PaymentService", "Services\Payment\Microservices.Services.PaymentService\Microservices.Services.PaymentService.csproj", "{D1CD7955-A159-44CB-A1F1-97CA69118DD0}"
EndProject
Project("{2150E333-8FDC-42A3-9474-1A3956D46DE8}") = "Gateways", "Gateways", "{15D1AF13-4EA7-45FF-9259-DFE58AFEDD59}"
EndProject
Project("{9A19103F-16F7-4668-BE54-9A1E7A4F7556}") = "Microservices.Gateway", "Gateways\Microservices.Gateway\Microservices.Gateway.csproj", "{3EE2D630-027D-4042-A3D7-368DAB690E29}"
EndProject
Project("{2150E333-8FDC-42A3-9474-1A3956D46DE8}") = "Frontends", "Frontends", "{5C26C668-4583-4E14-A12A-2A2540FA5473}"
EndProject
Project("{FAE04EC0-301F-11D3-BF4B-00C04F79EFBC}") = "Microservices.Web", "Frontends\Microservices.Web\Microservices.Web.csproj", "{29F589AF-8BBC-4191-85E8-8395010BA613}"
EndProject
Global
	GlobalSection(SolutionConfigurationPlatforms) = preSolution
		Debug|Any CPU = Debug|Any CPU
		Release|Any CPU = Release|Any CPU
	EndGlobalSection
	GlobalSection(ProjectConfigurationPlatforms) = postSolution
		{FCC0C5C0-F569-4FEC-A36E-0B1D2B14CFD4}.Debug|Any CPU.ActiveCfg = Debug|Any CPU
		{FCC0C5C0-F569-4FEC-A36E-0B1D2B14CFD4}.Debug|Any CPU.Build.0 = Debug|Any CPU
		{FCC0C5C0-F569-4FEC-A36E-0B1D2B14CFD4}.Release|Any CPU.ActiveCfg = Release|Any CPU
		{FCC0C5C0-F569-4FEC-A36E-0B1D2B14CFD4}.Release|Any CPU.Build.0 = Release|Any CPU
		{E7505389-F341-4E4B-808B-EE8F8DA6C61B}.Debug|Any CPU.ActiveCfg = Debug|Any CPU
		{E7505389-F341-4E4B-808B-EE8F8DA6C61B}.Debug|Any CPU.Build.0 = Debug|Any CPU
		{E7505389-F341-4E4B-808B-EE8F8DA6C61B}.Release|Any CPU.ActiveCfg = Release|Any CPU
		{E7505389-F341-4E4B-808B-EE8F8DA6C61B}.Release|Any CPU.Build.0 = Release|Any CPU
		{25639CF4-4FE1-4941-BA79-366C5035E43C}.Debug|Any CPU.ActiveCfg = Debug|Any CPU
		{25639CF4-4FE1-4941-BA79-366C5035E43C}.Debug|Any CPU.Build.0 = Debug|Any CPU
		{25639CF4-4FE1-4941-BA79-366C5035E43C}.Release|Any CPU.ActiveCfg = Release|Any CPU
		{25639CF4-4FE1-4941-BA79-366C5035E43C}.Release|Any CPU.Build.0 = Release|Any CPU
		{19EB2682-634A-4C3B-B0A2-3934C5BA4FCD}.Debug|Any CPU.ActiveCfg = Debug|Any CPU
		{19EB2682-634A-4C3B-B0A2-3934C5BA4FCD}.Debug|Any CPU.Build.0 = Debug|Any CPU
		{19EB2682-634A-4C3B-B0A2-3934C5BA4FCD}.Release|Any CPU.ActiveCfg = Release|Any CPU
		{19EB2682-634A-4C3B-B0A2-3934C5BA4FCD}.Release|Any CPU.Build.0 = Release|Any CPU
		{51E07347-0198-4CCC-A14E-1AB57940DA9E}.Debug|Any CPU.ActiveCfg = Debug|Any CPU
		{51E07347-0198-4CCC-A14E-1AB57940DA9E}.Debug|Any CPU.Build.0 = Debug|Any CPU
		{51E07347-0198-4CCC-A14E-1AB57940DA9E}.Release|Any CPU.ActiveCfg = Release|Any CPU
		{51E07347-0198-4CCC-A14E-1AB57940DA9E}.Release|Any CPU.Build.0 = Release|Any CPU
		{97A4C2DE-2101-408A-9552-F2BEAF60A531}.Debug|Any CPU.ActiveCfg = Debug|Any CPU
		{97A4C2DE-2101-408A-9552-F2BEAF60A531}.Debug|Any CPU.Build.0 = Debug|Any CPU
		{97A4C2DE-2101-408A-9552-F2BEAF60A531}.Release|Any CPU.ActiveCfg = Release|Any CPU
		{97A4C2DE-2101-408A-9552-F2BEAF60A531}.Release|Any CPU.Build.0 = Release|Any CPU
		{81C572A6-B978-4DAB-A79D-A0C86A8F2DF2}.Debug|Any CPU.ActiveCfg = Debug|Any CPU
		{81C572A6-B978-4DAB-A79D-A0C86A8F2DF2}.Debug|Any CPU.Build.0 = Debug|Any CPU
		{81C572A6-B978-4DAB-A79D-A0C86A8F2DF2}.Release|Any CPU.ActiveCfg = Release|Any CPU
		{81C572A6-B978-4DAB-A79D-A0C86A8F2DF2}.Release|Any CPU.Build.0 = Release|Any CPU
		{D8D5BF33-A9AE-4D8F-8204-C371D91E941F}.Debug|Any CPU.ActiveCfg = Debug|Any CPU
		{D8D5BF33-A9AE-4D8F-8204-C371D91E941F}.Debug|Any CPU.Build.0 = Debug|Any CPU
		{D8D5BF33-A9AE-4D8F-8204-C371D91E941F}.Release|Any CPU.ActiveCfg = Release|Any CPU
		{D8D5BF33-A9AE-4D8F-8204-C371D91E941F}.Release|Any CPU.Build.0 = Release|Any CPU
		{0ADD9463-4E70-420D-A880-99E1C65DB10C}.Debug|Any CPU.ActiveCfg = Debug|Any CPU
		{0ADD9463-4E70-420D-A880-99E1C65DB10C}.Debug|Any CPU.Build.0 = Debug|Any CPU
		{0ADD9463-4E70-420D-A880-99E1C65DB10C}.Release|Any CPU.ActiveCfg = Release|Any CPU
		{0ADD9463-4E70-420D-A880-99E1C65DB10C}.Release|Any CPU.Build.0 = Release|Any CPU
		{86180A9F-4CD9-415F-B81E-007EA5B0ADED}.Debug|Any CPU.ActiveCfg = Debug|Any CPU
		{86180A9F-4CD9-415F-B81E-007EA5B0ADED}.Debug|Any CPU.Build.0 = Debug|Any CPU
		{86180A9F-4CD9-415F-B81E-007EA5B0ADED}.Release|Any CPU.ActiveCfg = Release|Any CPU
		{86180A9F-4CD9-415F-B81E-007EA5B0ADED}.Release|Any CPU.Build.0 = Release|Any CPU
		{90B77551-6515-450C-86FE-CF3A7B5993B7}.Debug|Any CPU.ActiveCfg = Debug|Any CPU
		{90B77551-6515-450C-86FE-CF3A7B5993B7}.Debug|Any CPU.Build.0 = Debug|Any CPU
		{90B77551-6515-450C-86FE-CF3A7B5993B7}.Release|Any CPU.ActiveCfg = Release|Any CPU
		{90B77551-6515-450C-86FE-CF3A7B5993B7}.Release|Any CPU.Build.0 = Release|Any CPU
		{D1CD7955-A159-44CB-A1F1-97CA69118DD0}.Debug|Any CPU.ActiveCfg = Debug|Any CPU
		{D1CD7955-A159-44CB-A1F1-97CA69118DD0}.Debug|Any CPU.Build.0 = Debug|Any CPU
		{D1CD7955-A159-44CB-A1F1-97CA69118DD0}.Release|Any CPU.ActiveCfg = Release|Any CPU
		{D1CD7955-A159-44CB-A1F1-97CA69118DD0}.Release|Any CPU.Build.0 = Release|Any CPU
		{3EE2D630-027D-4042-A3D7-368DAB690E29}.Debug|Any CPU.ActiveCfg = Debug|Any CPU
		{3EE2D630-027D-4042-A3D7-368DAB690E29}.Debug|Any CPU.Build.0 = Debug|Any CPU
		{3EE2D630-027D-4042-A3D7-368DAB690E29}.Release|Any CPU.ActiveCfg = Release|Any CPU
		{3EE2D630-027D-4042-A3D7-368DAB690E29}.Release|Any CPU.Build.0 = Release|Any CPU
		{29F589AF-8BBC-4191-85E8-8395010BA613}.Debug|Any CPU.ActiveCfg = Debug|Any CPU
		{29F589AF-8BBC-4191-85E8-8395010BA613}.Debug|Any CPU.Build.0 = Debug|Any CPU
		{29F589AF-8BBC-4191-85E8-8395010BA613}.Release|Any CPU.ActiveCfg = Release|Any CPU
		{29F589AF-8BBC-4191-85E8-8395010BA613}.Release|Any CPU.Build.0 = Release|Any CPU
	EndGlobalSection
	GlobalSection(SolutionProperties) = preSolution
		HideSolutionNode = FALSE
	EndGlobalSection
	GlobalSection(NestedProjects) = preSolution
		{FEE88E61-B33B-4911-ABC0-055236F07FB4} = {772DA0DD-C2B6-4D97-92C4-46694DFA5289}
		{FCC0C5C0-F569-4FEC-A36E-0B1D2B14CFD4} = {FEE88E61-B33B-4911-ABC0-055236F07FB4}
		{E7505389-F341-4E4B-808B-EE8F8DA6C61B} = {4263B50E-3770-4C85-9D44-EC0E4C5329BA}
		{7E8B82D0-56AB-42A8-8F8C-9D1986F14157} = {772DA0DD-C2B6-4D97-92C4-46694DFA5289}
		{25639CF4-4FE1-4941-BA79-366C5035E43C} = {7E8B82D0-56AB-42A8-8F8C-9D1986F14157}
		{3BE627A5-C432-4782-82C4-593817AD8E90} = {772DA0DD-C2B6-4D97-92C4-46694DFA5289}
		{19EB2682-634A-4C3B-B0A2-3934C5BA4FCD} = {3BE627A5-C432-4782-82C4-593817AD8E90}
		{05D6541E-D059-4C73-AF24-2101C872C0B8} = {772DA0DD-C2B6-4D97-92C4-46694DFA5289}
		{51E07347-0198-4CCC-A14E-1AB57940DA9E} = {05D6541E-D059-4C73-AF24-2101C872C0B8}
		{39669079-87FA-48BA-9843-B44009899FF5} = {772DA0DD-C2B6-4D97-92C4-46694DFA5289}
		{97A4C2DE-2101-408A-9552-F2BEAF60A531} = {39669079-87FA-48BA-9843-B44009899FF5}
		{37A7F90E-698A-45AC-A6B4-41A1AC0D684D} = {772DA0DD-C2B6-4D97-92C4-46694DFA5289}
		{81C572A6-B978-4DAB-A79D-A0C86A8F2DF2} = {37A7F90E-698A-45AC-A6B4-41A1AC0D684D}
		{D8D5BF33-A9AE-4D8F-8204-C371D91E941F} = {37A7F90E-698A-45AC-A6B4-41A1AC0D684D}
		{0ADD9463-4E70-420D-A880-99E1C65DB10C} = {37A7F90E-698A-45AC-A6B4-41A1AC0D684D}
		{86180A9F-4CD9-415F-B81E-007EA5B0ADED} = {37A7F90E-698A-45AC-A6B4-41A1AC0D684D}
		{90B77551-6515-450C-86FE-CF3A7B5993B7} = {37A7F90E-698A-45AC-A6B4-41A1AC0D684D}
		{D5803872-E7F6-4FCB-8561-A9D86D9DB6E9} = {772DA0DD-C2B6-4D97-92C4-46694DFA5289}
		{D1CD7955-A159-44CB-A1F1-97CA69118DD0} = {D5803872-E7F6-4FCB-8561-A9D86D9DB6E9}
		{3EE2D630-027D-4042-A3D7-368DAB690E29} = {15D1AF13-4EA7-45FF-9259-DFE58AFEDD59}
		{29F589AF-8BBC-4191-85E8-8395010BA613} = {5C26C668-4583-4E14-A12A-2A2540FA5473}
	EndGlobalSection
	GlobalSection(ExtensibilityGlobals) = postSolution
		SolutionGuid = {769D4E94-F5A6-4ABB-B82D-F8DA3247A1C9}
	EndGlobalSection
EndGlobal
